dependencies:
- name: ollama
  repository: file://dependency_charts/ollama
  version: 0.1.0
- name: postgresql
  repository: https://charts.bitnami.com/bitnami
  version: 15.5.5
digest: sha256:d9dae3ff9498c8d9676c5f8a3002ff0d33081018f922c80055030b4d8694431c
generated: "2024-06-14T17:55:25.945065+08:00"
