dependencies:
- name: gpu-operator
  repository: https://helm.ngc.nvidia.com/nvidia
  version: v24.3.0
- name: ollama
  repository: file://dependency_charts/ollama
  version: 0.1.0
- name: kuberay-operator
  repository: https://ray-project.github.io/kuberay-helm
  version: 1.1.1
- name: redis
  repository: https://charts.bitnami.com/bitnami
  version: 19.6.1
digest: sha256:f3426c5bcf3f95c4cd4a5d88c1f0df91b3ae66071c636a9001fc9d3a1e2980a5
generated: "2024-07-15T12:02:47.174878+08:00"
