dependencies:
- name: ollama
  repository: file://dependency_charts/ollama
  version: 0.1.0
- name: kuberay-operator
  repository: https://ray-project.github.io/kuberay-helm
  version: 1.1.1
- name: redis
  repository: https://charts.bitnami.com/bitnami
  version: 19.6.1
digest: sha256:bf592c64165c8e69036082bf648c5b2e123b623f4eadd96acd6abbe5e4081e13
generated: "2024-07-09T11:50:26.984607+08:00"
