dependencies:
- name: kuberay-operator
  repository: https://ray-project.github.io/kuberay-helm
  version: 1.2.1
- name: gpu-operator
  repository: https://helm.ngc.nvidia.com/nvidia
  version: v24.6.2
- name: rook-ceph
  repository: https://charts.rook.io/release
  version: v1.15.3
- name: rook-ceph-cluster
  repository: https://charts.rook.io/release
  version: v1.15.3
- name: redis
  repository: https://charts.bitnami.com/bitnami
  version: 19.6.4
- name: system-upgrade-controller
  repository: file://dependency_charts/system-upgrade-controller
  version: 0.1.0
- name: snapshot-controller
  repository: file://dependency_charts/snapshot-controller
  version: 0.1.0
digest: sha256:44ecc8d2d258ea40c6763ec82fcaad57cb73dcf23ba6e3c9512003e8892bda3e
generated: "2024-10-11T09:59:53.099904+08:00"
