dependencies:
- name: kuberay-operator
  repository: https://ray-project.github.io/kuberay-helm
  version: 1.2.1
- name: llmos-gpu-stack
  repository: https://llmos-gpu-stack-charts.1block.ai
  version: 0.1.0-rc7
- name: rook-ceph
  repository: https://charts.rook.io/release
  version: v1.15.3
- name: rook-ceph-cluster
  repository: https://charts.rook.io/release
  version: v1.15.3
- name: redis
  repository: https://charts.bitnami.com/bitnami
  version: 20.3.0
- name: system-upgrade-controller
  repository: https://llmos-charts.1block.ai
  version: 0.1.1
- name: snapshot-controller
  repository: https://llmos-charts.1block.ai
  version: 0.1.1
- name: llmos-monitoring
  repository: https://llmos-charts.1block.ai
  version: 0.1.5-up66.1.1
digest: sha256:44f93e78b0f117371472ea0c5457b7ff0427e848177c12bb4e5c166cdc5e10a9
generated: "2024-12-26T11:30:14.15178+08:00"
