dependencies:
- name: kuberay-operator
  repository: https://ray-project.github.io/kuberay-helm
  version: 1.2.1
- name: llmos-gpu-stack
  repository: https://llmos-gpu-stack-charts.1block.ai
  version: 0.1.0-rc2
- name: rook-ceph
  repository: https://charts.rook.io/release
  version: v1.15.3
- name: rook-ceph-cluster
  repository: https://charts.rook.io/release
  version: v1.15.3
- name: redis
  repository: https://charts.bitnami.com/bitnami
  version: 19.6.4
- name: system-upgrade-controller
  repository: file://dependency_charts/system-upgrade-controller
  version: 0.1.0
- name: snapshot-controller
  repository: file://dependency_charts/snapshot-controller
  version: 0.1.0
digest: sha256:dcb2c938254fe691b36aa9edbec11244e70f2bc6da4acf50b5db541e7bcf23f8
generated: "2024-11-11T13:40:00.413801+08:00"
